
Microsoft Visual Studio Solution File, Format Version 12.00
# Visual Studio Version 16
VisualStudioVersion = 16.0.30114.105
MinimumVisualStudioVersion = 10.0.40219.1
Project("{FAE04EC0-301F-11D3-BF4B-00C04F79EFBC}") = "API", "API\API.csproj", "{093AD06D-128B-40AD-BDF3-A202DB1E03E6}"
EndProject
Project("{FAE04EC0-301F-11D3-BF4B-00C04F79EFBC}") = "Core", "Core\Core.csproj", "{D8C48D6E-DAB5-4C4F-AE67-DE2CB33DA2CA}"
EndProject
Project("{FAE04EC0-301F-11D3-BF4B-00C04F79EFBC}") = "Infrastructure", "Infrastructure\Infrastructure.csproj", "{F8B44014-BE85-4DC6-86A7-76C12D3E3D5B}"
EndProject
Global
	GlobalSection(SolutionConfigurationPlatforms) = preSolution
		Debug|Any CPU = Debug|Any CPU
		Release|Any CPU = Release|Any CPU
	EndGlobalSection
	GlobalSection(SolutionProperties) = preSolution
		HideSolutionNode = FALSE
	EndGlobalSection
	GlobalSection(ProjectConfigurationPlatforms) = postSolution
		{093AD06D-128B-40AD-BDF3-A202DB1E03E6}.Debug|Any CPU.ActiveCfg = Debug|Any CPU
		{093AD06D-128B-40AD-BDF3-A202DB1E03E6}.Debug|Any CPU.Build.0 = Debug|Any CPU
		{093AD06D-128B-40AD-BDF3-A202DB1E03E6}.Release|Any CPU.ActiveCfg = Release|Any CPU
		{093AD06D-128B-40AD-BDF3-A202DB1E03E6}.Release|Any CPU.Build.0 = Release|Any CPU
		{D8C48D6E-DAB5-4C4F-AE67-DE2CB33DA2CA}.Debug|Any CPU.ActiveCfg = Debug|Any CPU
		{D8C48D6E-DAB5-4C4F-AE67-DE2CB33DA2CA}.Debug|Any CPU.Build.0 = Debug|Any CPU
		{D8C48D6E-DAB5-4C4F-AE67-DE2CB33DA2CA}.Release|Any CPU.ActiveCfg = Release|Any CPU
		{D8C48D6E-DAB5-4C4F-AE67-DE2CB33DA2CA}.Release|Any CPU.Build.0 = Release|Any CPU
		{F8B44014-BE85-4DC6-86A7-76C12D3E3D5B}.Debug|Any CPU.ActiveCfg = Debug|Any CPU
		{F8B44014-BE85-4DC6-86A7-76C12D3E3D5B}.Debug|Any CPU.Build.0 = Debug|Any CPU
		{F8B44014-BE85-4DC6-86A7-76C12D3E3D5B}.Release|Any CPU.ActiveCfg = Release|Any CPU
		{F8B44014-BE85-4DC6-86A7-76C12D3E3D5B}.Release|Any CPU.Build.0 = Release|Any CPU
	EndGlobalSection
EndGlobal
